// !$*UTF8*$!
{
	archiveVersion = 1;
	classes = {
	};
	objectVersion = 46;
	objects = {

/* Begin PBXBuildFile section */
		3E0265021BF306DF00429A9B /* main.m in Sources */ = {isa = PBXBuildFile; fileRef = 3E0265011BF306DF00429A9B /* main.m */; };
		3E0265051BF306DF00429A9B /* AppDelegate.m in Sources */ = {isa = PBXBuildFile; fileRef = 3E0265041BF306DF00429A9B /* AppDelegate.m */; };
		3E0265081BF306DF00429A9B /* ZTMainViewController.m in Sources */ = {isa = PBXBuildFile; fileRef = 3E0265071BF306DF00429A9B /* ZTMainViewController.m */; };
		3E02650B1BF306DF00429A9B /* Main.storyboard in Resources */ = {isa = PBXBuildFile; fileRef = 3E0265091BF306DF00429A9B /* Main.storyboard */; };
		3E0265131BF306DF00429A9B /* LaunchScreen.storyboard in Resources */ = {isa = PBXBuildFile; fileRef = 3E0265111BF306DF00429A9B /* LaunchScreen.storyboard */; };
		3E02651E1BF306DF00429A9B /* ZazoTestTests.m in Sources */ = {isa = PBXBuildFile; fileRef = 3E02651D1BF306DF00429A9B /* ZazoTestTests.m */; };
		3E184A8D1BF524230056C931 /* ZTAppDependenices.m in Sources */ = {isa = PBXBuildFile; fileRef = 3E184A8C1BF524230056C931 /* ZTAppDependenices.m */; settings = {ASSET_TAGS = (); }; };
		3E184A941BF529DB0056C931 /* ZazoTest.xcdatamodeld in Sources */ = {isa = PBXBuildFile; fileRef = 3E184A921BF529DB0056C931 /* ZazoTest.xcdatamodeld */; settings = {ASSET_TAGS = (); }; };
		3E184A981BF52A930056C931 /* ZTCoreDataStore.m in Sources */ = {isa = PBXBuildFile; fileRef = 3E184A971BF52A930056C931 /* ZTCoreDataStore.m */; settings = {ASSET_TAGS = (); }; };
		3E184AA31BF533960056C931 /* ZTManagedVideoItem+CoreDataProperties.m in Sources */ = {isa = PBXBuildFile; fileRef = 3E184AA01BF533960056C931 /* ZTManagedVideoItem+CoreDataProperties.m */; settings = {ASSET_TAGS = (); }; };
		3E184AA41BF533960056C931 /* ZTManagedVideoItem.m in Sources */ = {isa = PBXBuildFile; fileRef = 3E184AA21BF533960056C931 /* ZTManagedVideoItem.m */; settings = {ASSET_TAGS = (); }; };
		3E184AAA1BF534E80056C931 /* Assets.xcassets in Resources */ = {isa = PBXBuildFile; fileRef = 3E184AA91BF534E80056C931 /* Assets.xcassets */; settings = {ASSET_TAGS = (); }; };
		3E184AB91BF53BBB0056C931 /* ZTMainPresenter.m in Sources */ = {isa = PBXBuildFile; fileRef = 3E184AB81BF53BBB0056C931 /* ZTMainPresenter.m */; settings = {ASSET_TAGS = (); }; };
		3E184ABC1BF5432B0056C931 /* ZTMainInteracter.m in Sources */ = {isa = PBXBuildFile; fileRef = 3E184ABB1BF5432B0056C931 /* ZTMainInteracter.m */; settings = {ASSET_TAGS = (); }; };
		3E184AC01BF543F20056C931 /* ZTVideoItem.m in Sources */ = {isa = PBXBuildFile; fileRef = 3E184ABF1BF543F20056C931 /* ZTVideoItem.m */; settings = {ASSET_TAGS = (); }; };
		3E184AC41BF545500056C931 /* ZTMainDataManager.m in Sources */ = {isa = PBXBuildFile; fileRef = 3E184AC31BF545500056C931 /* ZTMainDataManager.m */; settings = {ASSET_TAGS = (); }; };
		3E5C026C1BF7C52B0069A4C4 /* ZTMainPresenterTests.m in Sources */ = {isa = PBXBuildFile; fileRef = 3E5C026B1BF7C52A0069A4C4 /* ZTMainPresenterTests.m */; settings = {ASSET_TAGS = (); }; };
		3E5E87DB1BF78CF70043900A /* ZTMainViewTests.m in Sources */ = {isa = PBXBuildFile; fileRef = 3E5E87DA1BF78CF70043900A /* ZTMainViewTests.m */; settings = {ASSET_TAGS = (); }; };
		3E60AD551BF87D6200C8083C /* UIView+TSToast.m in Sources */ = {isa = PBXBuildFile; fileRef = 3E60AD541BF87D6200C8083C /* UIView+TSToast.m */; settings = {ASSET_TAGS = (); }; };
/* End PBXBuildFile section */

/* Begin PBXContainerItemProxy section */
		3E02651A1BF306DF00429A9B /* PBXContainerItemProxy */ = {
			isa = PBXContainerItemProxy;
			containerPortal = 3E0264F51BF306DF00429A9B /* Project object */;
			proxyType = 1;
			remoteGlobalIDString = 3E0264FC1BF306DF00429A9B;
			remoteInfo = ZazoTest;
		};
/* End PBXContainerItemProxy section */

/* Begin PBXFileReference section */
		3E0264FD1BF306DF00429A9B /* ZazoTest.app */ = {isa = PBXFileReference; explicitFileType = wrapper.application; includeInIndex = 0; path = ZazoTest.app; sourceTree = BUILT_PRODUCTS_DIR; };
		3E0265011BF306DF00429A9B /* main.m */ = {isa = PBXFileReference; lastKnownFileType = sourcecode.c.objc; path = main.m; sourceTree = "<group>"; };
		3E0265031BF306DF00429A9B /* AppDelegate.h */ = {isa = PBXFileReference; lastKnownFileType = sourcecode.c.h; path = AppDelegate.h; sourceTree = "<group>"; };
		3E0265041BF306DF00429A9B /* AppDelegate.m */ = {isa = PBXFileReference; lastKnownFileType = sourcecode.c.objc; path = AppDelegate.m; sourceTree = "<group>"; };
		3E0265061BF306DF00429A9B /* ZTMainViewController.h */ = {isa = PBXFileReference; lastKnownFileType = sourcecode.c.h; name = ZTMainViewController.h; path = ../../../../ZTMainViewController.h; sourceTree = "<group>"; };
		3E0265071BF306DF00429A9B /* ZTMainViewController.m */ = {isa = PBXFileReference; lastKnownFileType = sourcecode.c.objc; name = ZTMainViewController.m; path = ../../../../ZTMainViewController.m; sourceTree = "<group>"; };
		3E02650A1BF306DF00429A9B /* Base */ = {isa = PBXFileReference; lastKnownFileType = file.storyboard; name = Base; path = Base.lproj/Main.storyboard; sourceTree = "<group>"; };
		3E0265121BF306DF00429A9B /* Base */ = {isa = PBXFileReference; lastKnownFileType = file.storyboard; name = Base; path = Base.lproj/LaunchScreen.storyboard; sourceTree = "<group>"; };
		3E0265141BF306DF00429A9B /* Info.plist */ = {isa = PBXFileReference; lastKnownFileType = text.plist.xml; path = Info.plist; sourceTree = "<group>"; };
		3E0265191BF306DF00429A9B /* ZazoTestTests.xctest */ = {isa = PBXFileReference; explicitFileType = wrapper.cfbundle; includeInIndex = 0; path = ZazoTestTests.xctest; sourceTree = BUILT_PRODUCTS_DIR; };
		3E02651D1BF306DF00429A9B /* ZazoTestTests.m */ = {isa = PBXFileReference; lastKnownFileType = sourcecode.c.objc; path = ZazoTestTests.m; sourceTree = "<group>"; };
		3E02651F1BF306DF00429A9B /* Info.plist */ = {isa = PBXFileReference; lastKnownFileType = text.plist.xml; path = Info.plist; sourceTree = "<group>"; };
		3E184A8B1BF524230056C931 /* ZTAppDependenices.h */ = {isa = PBXFileReference; fileEncoding = 4; lastKnownFileType = sourcecode.c.h; path = ZTAppDependenices.h; sourceTree = "<group>"; };
		3E184A8C1BF524230056C931 /* ZTAppDependenices.m */ = {isa = PBXFileReference; fileEncoding = 4; lastKnownFileType = sourcecode.c.objc; path = ZTAppDependenices.m; sourceTree = "<group>"; };
		3E184A931BF529DB0056C931 /* ZazoTest.xcdatamodel */ = {isa = PBXFileReference; lastKnownFileType = wrapper.xcdatamodel; path = ZazoTest.xcdatamodel; sourceTree = "<group>"; };
		3E184A961BF52A930056C931 /* ZTCoreDataStore.h */ = {isa = PBXFileReference; fileEncoding = 4; lastKnownFileType = sourcecode.c.h; path = ZTCoreDataStore.h; sourceTree = "<group>"; };
		3E184A971BF52A930056C931 /* ZTCoreDataStore.m */ = {isa = PBXFileReference; fileEncoding = 4; lastKnownFileType = sourcecode.c.objc; path = ZTCoreDataStore.m; sourceTree = "<group>"; };
		3E184A9F1BF533960056C931 /* ZTManagedVideoItem+CoreDataProperties.h */ = {isa = PBXFileReference; fileEncoding = 4; lastKnownFileType = sourcecode.c.h; path = "ZTManagedVideoItem+CoreDataProperties.h"; sourceTree = "<group>"; };
		3E184AA01BF533960056C931 /* ZTManagedVideoItem+CoreDataProperties.m */ = {isa = PBXFileReference; fileEncoding = 4; lastKnownFileType = sourcecode.c.objc; path = "ZTManagedVideoItem+CoreDataProperties.m"; sourceTree = "<group>"; };
		3E184AA11BF533960056C931 /* ZTManagedVideoItem.h */ = {isa = PBXFileReference; fileEncoding = 4; lastKnownFileType = sourcecode.c.h; path = ZTManagedVideoItem.h; sourceTree = "<group>"; };
		3E184AA21BF533960056C931 /* ZTManagedVideoItem.m */ = {isa = PBXFileReference; fileEncoding = 4; lastKnownFileType = sourcecode.c.objc; path = ZTManagedVideoItem.m; sourceTree = "<group>"; };
		3E184AA91BF534E80056C931 /* Assets.xcassets */ = {isa = PBXFileReference; lastKnownFileType = folder.assetcatalog; path = Assets.xcassets; sourceTree = "<group>"; };
		3E184AB31BF5398F0056C931 /* ZTMainViewInterface.h */ = {isa = PBXFileReference; fileEncoding = 4; lastKnownFileType = sourcecode.c.h; path = ZTMainViewInterface.h; sourceTree = "<group>"; };
		3E184AB71BF53BBB0056C931 /* ZTMainPresenter.h */ = {isa = PBXFileReference; fileEncoding = 4; lastKnownFileType = sourcecode.c.h; path = ZTMainPresenter.h; sourceTree = "<group>"; };
		3E184AB81BF53BBB0056C931 /* ZTMainPresenter.m */ = {isa = PBXFileReference; fileEncoding = 4; lastKnownFileType = sourcecode.c.objc; path = ZTMainPresenter.m; sourceTree = "<group>"; };
		3E184ABA1BF5432B0056C931 /* ZTMainInteracter.h */ = {isa = PBXFileReference; fileEncoding = 4; lastKnownFileType = sourcecode.c.h; path = ZTMainInteracter.h; sourceTree = "<group>"; };
		3E184ABB1BF5432B0056C931 /* ZTMainInteracter.m */ = {isa = PBXFileReference; fileEncoding = 4; lastKnownFileType = sourcecode.c.objc; path = ZTMainInteracter.m; sourceTree = "<group>"; };
		3E184ABE1BF543F20056C931 /* ZTVideoItem.h */ = {isa = PBXFileReference; fileEncoding = 4; lastKnownFileType = sourcecode.c.h; path = ZTVideoItem.h; sourceTree = "<group>"; };
		3E184ABF1BF543F20056C931 /* ZTVideoItem.m */ = {isa = PBXFileReference; fileEncoding = 4; lastKnownFileType = sourcecode.c.objc; path = ZTVideoItem.m; sourceTree = "<group>"; };
		3E184AC21BF545500056C931 /* ZTMainDataManager.h */ = {isa = PBXFileReference; fileEncoding = 4; lastKnownFileType = sourcecode.c.h; path = ZTMainDataManager.h; sourceTree = "<group>"; };
		3E184AC31BF545500056C931 /* ZTMainDataManager.m */ = {isa = PBXFileReference; fileEncoding = 4; lastKnownFileType = sourcecode.c.objc; path = ZTMainDataManager.m; sourceTree = "<group>"; };
		3E5C026B1BF7C52A0069A4C4 /* ZTMainPresenterTests.m */ = {isa = PBXFileReference; fileEncoding = 4; lastKnownFileType = sourcecode.c.objc; path = ZTMainPresenterTests.m; sourceTree = "<group>"; };
		3E5E87DA1BF78CF70043900A /* ZTMainViewTests.m */ = {isa = PBXFileReference; fileEncoding = 4; lastKnownFileType = sourcecode.c.objc; path = ZTMainViewTests.m; sourceTree = "<group>"; };
		3E60AD501BF86E7600C8083C /* ZTMainInteractorIO.h */ = {isa = PBXFileReference; fileEncoding = 4; lastKnownFileType = sourcecode.c.h; path = ZTMainInteractorIO.h; sourceTree = "<group>"; };
		3E60AD531BF87D6200C8083C /* UIView+TSToast.h */ = {isa = PBXFileReference; fileEncoding = 4; lastKnownFileType = sourcecode.c.h; path = "UIView+TSToast.h"; sourceTree = "<group>"; };
		3E60AD541BF87D6200C8083C /* UIView+TSToast.m */ = {isa = PBXFileReference; fileEncoding = 4; lastKnownFileType = sourcecode.c.objc; path = "UIView+TSToast.m"; sourceTree = "<group>"; };
/* End PBXFileReference section */

/* Begin PBXFrameworksBuildPhase section */
		3E0264FA1BF306DF00429A9B /* Frameworks */ = {
			isa = PBXFrameworksBuildPhase;
			buildActionMask = 2147483647;
			files = (
			);
			runOnlyForDeploymentPostprocessing = 0;
		};
		3E0265161BF306DF00429A9B /* Frameworks */ = {
			isa = PBXFrameworksBuildPhase;
			buildActionMask = 2147483647;
			files = (
			);
			runOnlyForDeploymentPostprocessing = 0;
		};
/* End PBXFrameworksBuildPhase section */

/* Begin PBXGroup section */
		3E0264F41BF306DF00429A9B = {
			isa = PBXGroup;
			children = (
				3E0264FF1BF306DF00429A9B /* ZazoTest */,
				3E02651C1BF306DF00429A9B /* ZazoTestTests */,
				3E0264FE1BF306DF00429A9B /* Products */,
			);
			sourceTree = "<group>";
		};
		3E0264FE1BF306DF00429A9B /* Products */ = {
			isa = PBXGroup;
			children = (
				3E0264FD1BF306DF00429A9B /* ZazoTest.app */,
				3E0265191BF306DF00429A9B /* ZazoTestTests.xctest */,
			);
			name = Products;
			sourceTree = "<group>";
		};
		3E0264FF1BF306DF00429A9B /* ZazoTest */ = {
			isa = PBXGroup;
			children = (
				3E184A881BF5228C0056C931 /* Application */,
				3E184AA71BF534980056C931 /* Resources */,
				3E184AAB1BF5354B0056C931 /* Views */,
				3E0265141BF306DF00429A9B /* Info.plist */,
				3E0265001BF306DF00429A9B /* Supporting Files */,
			);
			path = ZazoTest;
			sourceTree = "<group>";
		};
		3E0265001BF306DF00429A9B /* Supporting Files */ = {
			isa = PBXGroup;
			children = (
				3E0265011BF306DF00429A9B /* main.m */,
			);
			name = "Supporting Files";
			sourceTree = "<group>";
		};
		3E02651C1BF306DF00429A9B /* ZazoTestTests */ = {
			isa = PBXGroup;
			children = (
				3E02651D1BF306DF00429A9B /* ZazoTestTests.m */,
				3E5E87DA1BF78CF70043900A /* ZTMainViewTests.m */,
				3E5C026B1BF7C52A0069A4C4 /* ZTMainPresenterTests.m */,
				3E02651F1BF306DF00429A9B /* Info.plist */,
			);
			path = ZazoTestTests;
			sourceTree = "<group>";
		};
		3E184A881BF5228C0056C931 /* Application */ = {
			isa = PBXGroup;
			children = (
				3E60AD511BF87CDD00C8083C /* Common */,
				3E184AA51BF5342C0056C931 /* Core */,
				3E184ABD1BF543A90056C931 /* Model */,
				3E184AA61BF534510056C931 /* Modules */,
				3E184A8E1BF528D20056C931 /* Store */,
			);
			path = Application;
			sourceTree = "<group>";
		};
		3E184A891BF522A20056C931 /* AppDelegate */ = {
			isa = PBXGroup;
			children = (
				3E0265031BF306DF00429A9B /* AppDelegate.h */,
				3E0265041BF306DF00429A9B /* AppDelegate.m */,
			);
			path = AppDelegate;
			sourceTree = "<group>";
		};
		3E184A8A1BF523BF0056C931 /* AppDependencies */ = {
			isa = PBXGroup;
			children = (
				3E184A8B1BF524230056C931 /* ZTAppDependenices.h */,
				3E184A8C1BF524230056C931 /* ZTAppDependenices.m */,
			);
			path = AppDependencies;
			sourceTree = "<group>";
		};
		3E184A8E1BF528D20056C931 /* Store */ = {
			isa = PBXGroup;
			children = (
				3E184A951BF52A5A0056C931 /* Entities */,
				3E184A921BF529DB0056C931 /* ZazoTest.xcdatamodeld */,
				3E184A961BF52A930056C931 /* ZTCoreDataStore.h */,
				3E184A971BF52A930056C931 /* ZTCoreDataStore.m */,
			);
			path = Store;
			sourceTree = "<group>";
		};
		3E184A951BF52A5A0056C931 /* Entities */ = {
			isa = PBXGroup;
			children = (
				3E184A9F1BF533960056C931 /* ZTManagedVideoItem+CoreDataProperties.h */,
				3E184AA01BF533960056C931 /* ZTManagedVideoItem+CoreDataProperties.m */,
				3E184AA11BF533960056C931 /* ZTManagedVideoItem.h */,
				3E184AA21BF533960056C931 /* ZTManagedVideoItem.m */,
			);
			path = Entities;
			sourceTree = "<group>";
		};
		3E184AA51BF5342C0056C931 /* Core */ = {
			isa = PBXGroup;
			children = (
				3E184A8A1BF523BF0056C931 /* AppDependencies */,
				3E184A891BF522A20056C931 /* AppDelegate */,
			);
			path = Core;
			sourceTree = "<group>";
		};
		3E184AA61BF534510056C931 /* Modules */ = {
			isa = PBXGroup;
			children = (
				3E184AAC1BF537C60056C931 /* Main */,
			);
			path = Modules;
			sourceTree = "<group>";
		};
		3E184AA71BF534980056C931 /* Resources */ = {
			isa = PBXGroup;
			children = (
				3E184AA91BF534E80056C931 /* Assets.xcassets */,
			);
			path = Resources;
			sourceTree = "<group>";
		};
		3E184AAB1BF5354B0056C931 /* Views */ = {
			isa = PBXGroup;
			children = (
				3E0265091BF306DF00429A9B /* Main.storyboard */,
				3E0265111BF306DF00429A9B /* LaunchScreen.storyboard */,
			);
			name = Views;
			sourceTree = "<group>";
		};
		3E184AAC1BF537C60056C931 /* Main */ = {
			isa = PBXGroup;
			children = (
				3E184AC11BF544EE0056C931 /* Manager */,
				3E184AAF1BF537E70056C931 /* Interacter */,
				3E184AAE1BF537DF0056C931 /* Presenter */,
				3E184AAD1BF537DB0056C931 /* View */,
			);
			path = Main;
			sourceTree = "<group>";
		};
		3E184AAD1BF537DB0056C931 /* View */ = {
			isa = PBXGroup;
			children = (
				3E0265061BF306DF00429A9B /* ZTMainViewController.h */,
				3E0265071BF306DF00429A9B /* ZTMainViewController.m */,
				3E184AB31BF5398F0056C931 /* ZTMainViewInterface.h */,
			);
			path = View;
			sourceTree = "<group>";
		};
		3E184AAE1BF537DF0056C931 /* Presenter */ = {
			isa = PBXGroup;
			children = (
				3E184AB71BF53BBB0056C931 /* ZTMainPresenter.h */,
				3E184AB81BF53BBB0056C931 /* ZTMainPresenter.m */,
			);
			path = Presenter;
			sourceTree = "<group>";
		};
		3E184AAF1BF537E70056C931 /* Interacter */ = {
			isa = PBXGroup;
			children = (
				3E184ABA1BF5432B0056C931 /* ZTMainInteracter.h */,
				3E184ABB1BF5432B0056C931 /* ZTMainInteracter.m */,
				3E60AD501BF86E7600C8083C /* ZTMainInteractorIO.h */,
			);
			path = Interacter;
			sourceTree = "<group>";
		};
		3E184ABD1BF543A90056C931 /* Model */ = {
			isa = PBXGroup;
			children = (
				3E184ABE1BF543F20056C931 /* ZTVideoItem.h */,
				3E184ABF1BF543F20056C931 /* ZTVideoItem.m */,
			);
			path = Model;
			sourceTree = "<group>";
		};
		3E184AC11BF544EE0056C931 /* Manager */ = {
			isa = PBXGroup;
			children = (
				3E184AC21BF545500056C931 /* ZTMainDataManager.h */,
				3E184AC31BF545500056C931 /* ZTMainDataManager.m */,
			);
			path = Manager;
			sourceTree = "<group>";
		};
		3E60AD511BF87CDD00C8083C /* Common */ = {
			isa = PBXGroup;
			children = (
				3E60AD521BF87CEE00C8083C /* Categories */,
			);
			path = Common;
			sourceTree = "<group>";
		};
		3E60AD521BF87CEE00C8083C /* Categories */ = {
			isa = PBXGroup;
			children = (
				3E60AD531BF87D6200C8083C /* UIView+TSToast.h */,
				3E60AD541BF87D6200C8083C /* UIView+TSToast.m */,
			);
			path = Categories;
			sourceTree = "<group>";
		};
/* End PBXGroup section */

/* Begin PBXNativeTarget section */
		3E0264FC1BF306DF00429A9B /* ZazoTest */ = {
			isa = PBXNativeTarget;
			buildConfigurationList = 3E0265221BF306DF00429A9B /* Build configuration list for PBXNativeTarget "ZazoTest" */;
			buildPhases = (
				3E0264F91BF306DF00429A9B /* Sources */,
				3E0264FA1BF306DF00429A9B /* Frameworks */,
				3E0264FB1BF306DF00429A9B /* Resources */,
			);
			buildRules = (
			);
			dependencies = (
			);
			name = ZazoTest;
			productName = ZazoTest;
			productReference = 3E0264FD1BF306DF00429A9B /* ZazoTest.app */;
			productType = "com.apple.product-type.application";
		};
		3E0265181BF306DF00429A9B /* ZazoTestTests */ = {
			isa = PBXNativeTarget;
			buildConfigurationList = 3E0265251BF306DF00429A9B /* Build configuration list for PBXNativeTarget "ZazoTestTests" */;
			buildPhases = (
				3E0265151BF306DF00429A9B /* Sources */,
				3E0265161BF306DF00429A9B /* Frameworks */,
				3E0265171BF306DF00429A9B /* Resources */,
			);
			buildRules = (
			);
			dependencies = (
				3E02651B1BF306DF00429A9B /* PBXTargetDependency */,
			);
			name = ZazoTestTests;
			productName = ZazoTestTests;
			productReference = 3E0265191BF306DF00429A9B /* ZazoTestTests.xctest */;
			productType = "com.apple.product-type.bundle.unit-test";
		};
/* End PBXNativeTarget section */

/* Begin PBXProject section */
		3E0264F51BF306DF00429A9B /* Project object */ = {
			isa = PBXProject;
			attributes = {
				CLASSPREFIX = ZT;
				LastUpgradeCheck = 0700;
				ORGANIZATIONNAME = "Usman Awan";
				TargetAttributes = {
					3E0264FC1BF306DF00429A9B = {
						CreatedOnToolsVersion = 7.0.1;
					};
					3E0265181BF306DF00429A9B = {
						CreatedOnToolsVersion = 7.0.1;
						TestTargetID = 3E0264FC1BF306DF00429A9B;
					};
				};
			};
			buildConfigurationList = 3E0264F81BF306DF00429A9B /* Build configuration list for PBXProject "ZazoTest" */;
			compatibilityVersion = "Xcode 3.2";
			developmentRegion = English;
			hasScannedForEncodings = 0;
			knownRegions = (
				en,
				Base,
			);
			mainGroup = 3E0264F41BF306DF00429A9B;
			productRefGroup = 3E0264FE1BF306DF00429A9B /* Products */;
			projectDirPath = "";
			projectRoot = "";
			targets = (
				3E0264FC1BF306DF00429A9B /* ZazoTest */,
				3E0265181BF306DF00429A9B /* ZazoTestTests */,
			);
		};
/* End PBXProject section */

/* Begin PBXResourcesBuildPhase section */
		3E0264FB1BF306DF00429A9B /* Resources */ = {
			isa = PBXResourcesBuildPhase;
			buildActionMask = 2147483647;
			files = (
				3E0265131BF306DF00429A9B /* LaunchScreen.storyboard in Resources */,
				3E184AAA1BF534E80056C931 /* Assets.xcassets in Resources */,
				3E02650B1BF306DF00429A9B /* Main.storyboard in Resources */,
			);
			runOnlyForDeploymentPostprocessing = 0;
		};
		3E0265171BF306DF00429A9B /* Resources */ = {
			isa = PBXResourcesBuildPhase;
			buildActionMask = 2147483647;
			files = (
			);
			runOnlyForDeploymentPostprocessing = 0;
		};
/* End PBXResourcesBuildPhase section */

/* Begin PBXSourcesBuildPhase section */
		3E0264F91BF306DF00429A9B /* Sources */ = {
			isa = PBXSourcesBuildPhase;
			buildActionMask = 2147483647;
			files = (
				3E184AA41BF533960056C931 /* ZTManagedVideoItem.m in Sources */,
				3E184AC01BF543F20056C931 /* ZTVideoItem.m in Sources */,
				3E184AC41BF545500056C931 /* ZTMainDataManager.m in Sources */,
				3E0265081BF306DF00429A9B /* ZTMainViewController.m in Sources */,
				3E0265051BF306DF00429A9B /* AppDelegate.m in Sources */,
				3E184A8D1BF524230056C931 /* ZTAppDependenices.m in Sources */,
				3E184AB91BF53BBB0056C931 /* ZTMainPresenter.m in Sources */,
				3E184AA31BF533960056C931 /* ZTManagedVideoItem+CoreDataProperties.m in Sources */,
				3E184A941BF529DB0056C931 /* ZazoTest.xcdatamodeld in Sources */,
				3E60AD551BF87D6200C8083C /* UIView+TSToast.m in Sources */,
				3E184ABC1BF5432B0056C931 /* ZTMainInteracter.m in Sources */,
				3E184A981BF52A930056C931 /* ZTCoreDataStore.m in Sources */,
				3E0265021BF306DF00429A9B /* main.m in Sources */,
			);
			runOnlyForDeploymentPostprocessing = 0;
		};
		3E0265151BF306DF00429A9B /* Sources */ = {
			isa = PBXSourcesBuildPhase;
			buildActionMask = 2147483647;
			files = (
				3E5C026C1BF7C52B0069A4C4 /* ZTMainPresenterTests.m in Sources */,
				3E02651E1BF306DF00429A9B /* ZazoTestTests.m in Sources */,
				3E5E87DB1BF78CF70043900A /* ZTMainViewTests.m in Sources */,
			);
			runOnlyForDeploymentPostprocessing = 0;
		};
/* End PBXSourcesBuildPhase section */

/* Begin PBXTargetDependency section */
		3E02651B1BF306DF00429A9B /* PBXTargetDependency */ = {
			isa = PBXTargetDependency;
			target = 3E0264FC1BF306DF00429A9B /* ZazoTest */;
			targetProxy = 3E02651A1BF306DF00429A9B /* PBXContainerItemProxy */;
		};
/* End PBXTargetDependency section */

/* Begin PBXVariantGroup section */
		3E0265091BF306DF00429A9B /* Main.storyboard */ = {
			isa = PBXVariantGroup;
			children = (
				3E02650A1BF306DF00429A9B /* Base */,
			);
			name = Main.storyboard;
			sourceTree = "<group>";
		};
		3E0265111BF306DF00429A9B /* LaunchScreen.storyboard */ = {
			isa = PBXVariantGroup;
			children = (
				3E0265121BF306DF00429A9B /* Base */,
			);
			name = LaunchScreen.storyboard;
			sourceTree = "<group>";
		};
/* End PBXVariantGroup section */

/* Begin XCBuildConfiguration section */
		3E0265201BF306DF00429A9B /* Debug */ = {
			isa = XCBuildConfiguration;
			buildSettings = {
				ALWAYS_SEARCH_USER_PATHS = NO;
				CLANG_CXX_LANGUAGE_STANDARD = "gnu++0x";
				CLANG_CXX_LIBRARY = "libc++";
				CLANG_ENABLE_MODULES = YES;
				CLANG_ENABLE_OBJC_ARC = YES;
				CLANG_WARN_BOOL_CONVERSION = YES;
				CLANG_WARN_CONSTANT_CONVERSION = YES;
				CLANG_WARN_DIRECT_OBJC_ISA_USAGE = YES_ERROR;
				CLANG_WARN_EMPTY_BODY = YES;
				CLANG_WARN_ENUM_CONVERSION = YES;
				CLANG_WARN_INT_CONVERSION = YES;
				CLANG_WARN_OBJC_ROOT_CLASS = YES_ERROR;
				CLANG_WARN_UNREACHABLE_CODE = YES;
				CLANG_WARN__DUPLICATE_METHOD_MATCH = YES;
				"CODE_SIGN_IDENTITY[sdk=iphoneos*]" = "iPhone Developer";
				COPY_PHASE_STRIP = NO;
				DEBUG_INFORMATION_FORMAT = dwarf;
				ENABLE_STRICT_OBJC_MSGSEND = YES;
				ENABLE_TESTABILITY = YES;
				GCC_C_LANGUAGE_STANDARD = gnu99;
				GCC_DYNAMIC_NO_PIC = NO;
				GCC_NO_COMMON_BLOCKS = YES;
				GCC_OPTIMIZATION_LEVEL = 0;
				GCC_PREPROCESSOR_DEFINITIONS = (
					"DEBUG=1",
					"$(inherited)",
				);
				GCC_WARN_64_TO_32_BIT_CONVERSION = YES;
				GCC_WARN_ABOUT_RETURN_TYPE = YES_ERROR;
				GCC_WARN_UNDECLARED_SELECTOR = YES;
				GCC_WARN_UNINITIALIZED_AUTOS = YES_AGGRESSIVE;
				GCC_WARN_UNUSED_FUNCTION = YES;
				GCC_WARN_UNUSED_VARIABLE = YES;
				IPHONEOS_DEPLOYMENT_TARGET = 9.0;
				MTL_ENABLE_DEBUG_INFO = YES;
				ONLY_ACTIVE_ARCH = YES;
				SDKROOT = iphoneos;
			};
			name = Debug;
		};
		3E0265211BF306DF00429A9B /* Release */ = {
			isa = XCBuildConfiguration;
			buildSettings = {
				ALWAYS_SEARCH_USER_PATHS = NO;
				CLANG_CXX_LANGUAGE_STANDARD = "gnu++0x";
				CLANG_CXX_LIBRARY = "libc++";
				CLANG_ENABLE_MODULES = YES;
				CLANG_ENABLE_OBJC_ARC = YES;
				CLANG_WARN_BOOL_CONVERSION = YES;
				CLANG_WARN_CONSTANT_CONVERSION = YES;
				CLANG_WARN_DIRECT_OBJC_ISA_USAGE = YES_ERROR;
				CLANG_WARN_EMPTY_BODY = YES;
				CLANG_WARN_ENUM_CONVERSION = YES;
				CLANG_WARN_INT_CONVERSION = YES;
				CLANG_WARN_OBJC_ROOT_CLASS = YES_ERROR;
				CLANG_WARN_UNREACHABLE_CODE = YES;
				CLANG_WARN__DUPLICATE_METHOD_MATCH = YES;
				"CODE_SIGN_IDENTITY[sdk=iphoneos*]" = "iPhone Developer";
				COPY_PHASE_STRIP = NO;
				DEBUG_INFORMATION_FORMAT = "dwarf-with-dsym";
				ENABLE_NS_ASSERTIONS = NO;
				ENABLE_STRICT_OBJC_MSGSEND = YES;
				GCC_C_LANGUAGE_STANDARD = gnu99;
				GCC_NO_COMMON_BLOCKS = YES;
				GCC_WARN_64_TO_32_BIT_CONVERSION = YES;
				GCC_WARN_ABOUT_RETURN_TYPE = YES_ERROR;
				GCC_WARN_UNDECLARED_SELECTOR = YES;
				GCC_WARN_UNINITIALIZED_AUTOS = YES_AGGRESSIVE;
				GCC_WARN_UNUSED_FUNCTION = YES;
				GCC_WARN_UNUSED_VARIABLE = YES;
				IPHONEOS_DEPLOYMENT_TARGET = 9.0;
				MTL_ENABLE_DEBUG_INFO = NO;
				SDKROOT = iphoneos;
				VALIDATE_PRODUCT = YES;
			};
			name = Release;
		};
		3E0265231BF306DF00429A9B /* Debug */ = {
			isa = XCBuildConfiguration;
			buildSettings = {
				ASSETCATALOG_COMPILER_APPICON_NAME = AppIcon;
				INFOPLIST_FILE = ZazoTest/Info.plist;
				LD_RUNPATH_SEARCH_PATHS = "$(inherited) @executable_path/Frameworks";
				PRODUCT_BUNDLE_IDENTIFIER = com.usman.ZazoTest;
				PRODUCT_NAME = "$(TARGET_NAME)";
			};
			name = Debug;
		};
		3E0265241BF306DF00429A9B /* Release */ = {
			isa = XCBuildConfiguration;
			buildSettings = {
				ASSETCATALOG_COMPILER_APPICON_NAME = AppIcon;
				INFOPLIST_FILE = ZazoTest/Info.plist;
				LD_RUNPATH_SEARCH_PATHS = "$(inherited) @executable_path/Frameworks";
				PRODUCT_BUNDLE_IDENTIFIER = com.usman.ZazoTest;
				PRODUCT_NAME = "$(TARGET_NAME)";
			};
			name = Release;
		};
		3E0265261BF306DF00429A9B /* Debug */ = {
			isa = XCBuildConfiguration;
			buildSettings = {
				BUNDLE_LOADER = "$(TEST_HOST)";
				INFOPLIST_FILE = ZazoTestTests/Info.plist;
				LD_RUNPATH_SEARCH_PATHS = "$(inherited) @executable_path/Frameworks @loader_path/Frameworks";
				PRODUCT_BUNDLE_IDENTIFIER = com.usman.ZazoTestTests;
				PRODUCT_NAME = "$(TARGET_NAME)";
				TEST_HOST = "$(BUILT_PRODUCTS_DIR)/ZazoTest.app/ZazoTest";
			};
			name = Debug;
		};
		3E0265271BF306DF00429A9B /* Release */ = {
			isa = XCBuildConfiguration;
			buildSettings = {
				BUNDLE_LOADER = "$(TEST_HOST)";
				INFOPLIST_FILE = ZazoTestTests/Info.plist;
				LD_RUNPATH_SEARCH_PATHS = "$(inherited) @executable_path/Frameworks @loader_path/Frameworks";
				PRODUCT_BUNDLE_IDENTIFIER = com.usman.ZazoTestTests;
				PRODUCT_NAME = "$(TARGET_NAME)";
				TEST_HOST = "$(BUILT_PRODUCTS_DIR)/ZazoTest.app/ZazoTest";
			};
			name = Release;
		};
/* End XCBuildConfiguration section */

/* Begin XCConfigurationList section */
		3E0264F81BF306DF00429A9B /* Build configuration list for PBXProject "ZazoTest" */ = {
			isa = XCConfigurationList;
			buildConfigurations = (
				3E0265201BF306DF00429A9B /* Debug */,
				3E0265211BF306DF00429A9B /* Release */,
			);
			defaultConfigurationIsVisible = 0;
			defaultConfigurationName = Release;
		};
		3E0265221BF306DF00429A9B /* Build configuration list for PBXNativeTarget "ZazoTest" */ = {
			isa = XCConfigurationList;
			buildConfigurations = (
				3E0265231BF306DF00429A9B /* Debug */,
				3E0265241BF306DF00429A9B /* Release */,
			);
			defaultConfigurationIsVisible = 0;
			defaultConfigurationName = Release;
		};
		3E0265251BF306DF00429A9B /* Build configuration list for PBXNativeTarget "ZazoTestTests" */ = {
			isa = XCConfigurationList;
			buildConfigurations = (
				3E0265261BF306DF00429A9B /* Debug */,
				3E0265271BF306DF00429A9B /* Release */,
			);
			defaultConfigurationIsVisible = 0;
			defaultConfigurationName = Release;
		};
/* End XCConfigurationList section */

/* Begin XCVersionGroup section */
		3E184A921BF529DB0056C931 /* ZazoTest.xcdatamodeld */ = {
			isa = XCVersionGroup;
			children = (
				3E184A931BF529DB0056C931 /* ZazoTest.xcdatamodel */,
			);
			currentVersion = 3E184A931BF529DB0056C931 /* ZazoTest.xcdatamodel */;
			path = ZazoTest.xcdatamodeld;
			sourceTree = "<group>";
			versionGroupType = wrapper.xcdatamodel;
		};
/* End XCVersionGroup section */
	};
	rootObject = 3E0264F51BF306DF00429A9B /* Project object */;
}
